
Microsoft Visual Studio Solution File, Format Version 12.00
# Visual Studio Version 16
VisualStudioVersion = 16.0.32106.194
MinimumVisualStudioVersion = 10.0.40219.1
Project("{9A19103F-16F7-4668-BE54-9A1E7A4F7556}") = "DoubleDuel", "DoubleDuel\DoubleDuel.csproj", "{5E10FAD9-57A8-4E1B-B238-19DEC0ADF0E4}"
EndProject
Project("{FAE04EC0-301F-11D3-BF4B-00C04F79EFBC}") = "DoubleDuel.DAL", "DoubleDuel.DAL\DoubleDuel.DAL.csproj", "{1CF1C5AA-4463-4F45-8747-E06591795E4E}"
EndProject
Global
	GlobalSection(SolutionConfigurationPlatforms) = preSolution
		Debug|Any CPU = Debug|Any CPU
		Release|Any CPU = Release|Any CPU
	EndGlobalSection
	GlobalSection(ProjectConfigurationPlatforms) = postSolution
		{5E10FAD9-57A8-4E1B-B238-19DEC0ADF0E4}.Debug|Any CPU.ActiveCfg = Debug|Any CPU
		{5E10FAD9-57A8-4E1B-B238-19DEC0ADF0E4}.Debug|Any CPU.Build.0 = Debug|Any CPU
		{5E10FAD9-57A8-4E1B-B238-19DEC0ADF0E4}.Release|Any CPU.ActiveCfg = Release|Any CPU
		{5E10FAD9-57A8-4E1B-B238-19DEC0ADF0E4}.Release|Any CPU.Build.0 = Release|Any CPU
		{1CF1C5AA-4463-4F45-8747-E06591795E4E}.Debug|Any CPU.ActiveCfg = Debug|Any CPU
		{1CF1C5AA-4463-4F45-8747-E06591795E4E}.Debug|Any CPU.Build.0 = Debug|Any CPU
		{1CF1C5AA-4463-4F45-8747-E06591795E4E}.Release|Any CPU.ActiveCfg = Release|Any CPU
		{1CF1C5AA-4463-4F45-8747-E06591795E4E}.Release|Any CPU.Build.0 = Release|Any CPU
	EndGlobalSection
	GlobalSection(SolutionProperties) = preSolution
		HideSolutionNode = FALSE
	EndGlobalSection
	GlobalSection(ExtensibilityGlobals) = postSolution
		SolutionGuid = {6E9093A0-EA2C-4955-9944-BB34BC8F1D2D}
	EndGlobalSection
EndGlobal
